// !$*UTF8*$!
{
	archiveVersion = 1;
	classes = {
	};
	objectVersion = 50;
	objects = {

/* Begin PBXBuildFile section */
		009C768A183200104485BAC2 /* Pods_CerebellumWidgetExample.framework in Frameworks */ = {isa = PBXBuildFile; fileRef = A843B49BE56446D005E616C2 /* Pods_CerebellumWidgetExample.framework */; };
		02280D4522149F1E0053F6E8 /* AppDelegate.swift in Sources */ = {isa = PBXBuildFile; fileRef = 02280D4422149F1E0053F6E8 /* AppDelegate.swift */; };
		02280D4722149F1E0053F6E8 /* ViewController.swift in Sources */ = {isa = PBXBuildFile; fileRef = 02280D4622149F1E0053F6E8 /* ViewController.swift */; };
		02280D4A22149F1E0053F6E8 /* Main.storyboard in Resources */ = {isa = PBXBuildFile; fileRef = 02280D4822149F1E0053F6E8 /* Main.storyboard */; };
		02280D4C22149F210053F6E8 /* Assets.xcassets in Resources */ = {isa = PBXBuildFile; fileRef = 02280D4B22149F210053F6E8 /* Assets.xcassets */; };
		02280D4F22149F210053F6E8 /* LaunchScreen.storyboard in Resources */ = {isa = PBXBuildFile; fileRef = 02280D4D22149F210053F6E8 /* LaunchScreen.storyboard */; };
		02280D572214A4CC0053F6E8 /* Podfile in Resources */ = {isa = PBXBuildFile; fileRef = 02280D562214A4CC0053F6E8 /* Podfile */; };
/* End PBXBuildFile section */

/* Begin PBXFileReference section */
		02280D4122149F1E0053F6E8 /* CerebellumWidgetExample.app */ = {isa = PBXFileReference; explicitFileType = wrapper.application; includeInIndex = 0; path = CerebellumWidgetExample.app; sourceTree = BUILT_PRODUCTS_DIR; };
		02280D4422149F1E0053F6E8 /* AppDelegate.swift */ = {isa = PBXFileReference; lastKnownFileType = sourcecode.swift; path = AppDelegate.swift; sourceTree = "<group>"; };
		02280D4622149F1E0053F6E8 /* ViewController.swift */ = {isa = PBXFileReference; lastKnownFileType = sourcecode.swift; path = ViewController.swift; sourceTree = "<group>"; };
		02280D4922149F1E0053F6E8 /* Base */ = {isa = PBXFileReference; lastKnownFileType = file.storyboard; name = Base; path = Base.lproj/Main.storyboard; sourceTree = "<group>"; };
		02280D4B22149F210053F6E8 /* Assets.xcassets */ = {isa = PBXFileReference; lastKnownFileType = folder.assetcatalog; path = Assets.xcassets; sourceTree = "<group>"; };
		02280D4E22149F210053F6E8 /* Base */ = {isa = PBXFileReference; lastKnownFileType = file.storyboard; name = Base; path = Base.lproj/LaunchScreen.storyboard; sourceTree = "<group>"; };
		02280D5022149F210053F6E8 /* Info.plist */ = {isa = PBXFileReference; lastKnownFileType = text.plist.xml; path = Info.plist; sourceTree = "<group>"; };
		02280D562214A4CC0053F6E8 /* Podfile */ = {isa = PBXFileReference; lastKnownFileType = text; path = Podfile; sourceTree = "<group>"; xcLanguageSpecificationIdentifier = xcode.lang.ruby; };
		72C7AF5FED987FDE007E5529 /* Pods-CerebellumWidgetExample.release.xcconfig */ = {isa = PBXFileReference; includeInIndex = 1; lastKnownFileType = text.xcconfig; name = "Pods-CerebellumWidgetExample.release.xcconfig"; path = "Pods/Target Support Files/Pods-CerebellumWidgetExample/Pods-CerebellumWidgetExample.release.xcconfig"; sourceTree = "<group>"; };
		862876075B39A3D7458D6E5E /* Pods-CerebellumWidgetExample.debug.xcconfig */ = {isa = PBXFileReference; includeInIndex = 1; lastKnownFileType = text.xcconfig; name = "Pods-CerebellumWidgetExample.debug.xcconfig"; path = "Pods/Target Support Files/Pods-CerebellumWidgetExample/Pods-CerebellumWidgetExample.debug.xcconfig"; sourceTree = "<group>"; };
		A843B49BE56446D005E616C2 /* Pods_CerebellumWidgetExample.framework */ = {isa = PBXFileReference; explicitFileType = wrapper.framework; includeInIndex = 0; path = Pods_CerebellumWidgetExample.framework; sourceTree = BUILT_PRODUCTS_DIR; };
/* End PBXFileReference section */

/* Begin PBXFrameworksBuildPhase section */
		02280D3E22149F1E0053F6E8 /* Frameworks */ = {
			isa = PBXFrameworksBuildPhase;
			buildActionMask = 2147483647;
			files = (
				009C768A183200104485BAC2 /* Pods_CerebellumWidgetExample.framework in Frameworks */,
			);
			runOnlyForDeploymentPostprocessing = 0;
		};
/* End PBXFrameworksBuildPhase section */

/* Begin PBXGroup section */
		02280D3822149F1E0053F6E8 = {
			isa = PBXGroup;
			children = (
				02280D562214A4CC0053F6E8 /* Podfile */,
				02280D4322149F1E0053F6E8 /* CerebellumWidgetExample */,
				02280D4222149F1E0053F6E8 /* Products */,
				F6491CC1720A63E6041F1425 /* Pods */,
				8AD957113BAEFBCA51D6F50A /* Frameworks */,
			);
			sourceTree = "<group>";
		};
		02280D4222149F1E0053F6E8 /* Products */ = {
			isa = PBXGroup;
			children = (
				02280D4122149F1E0053F6E8 /* CerebellumWidgetExample.app */,
			);
			name = Products;
			sourceTree = "<group>";
		};
		02280D4322149F1E0053F6E8 /* CerebellumWidgetExample */ = {
			isa = PBXGroup;
			children = (
				02280D4422149F1E0053F6E8 /* AppDelegate.swift */,
				02280D4622149F1E0053F6E8 /* ViewController.swift */,
				02280D4822149F1E0053F6E8 /* Main.storyboard */,
				02280D4B22149F210053F6E8 /* Assets.xcassets */,
				02280D4D22149F210053F6E8 /* LaunchScreen.storyboard */,
				02280D5022149F210053F6E8 /* Info.plist */,
			);
			path = CerebellumWidgetExample;
			sourceTree = "<group>";
		};
		8AD957113BAEFBCA51D6F50A /* Frameworks */ = {
			isa = PBXGroup;
			children = (
				A843B49BE56446D005E616C2 /* Pods_CerebellumWidgetExample.framework */,
			);
			name = Frameworks;
			sourceTree = "<group>";
		};
		F6491CC1720A63E6041F1425 /* Pods */ = {
			isa = PBXGroup;
			children = (
				862876075B39A3D7458D6E5E /* Pods-CerebellumWidgetExample.debug.xcconfig */,
				72C7AF5FED987FDE007E5529 /* Pods-CerebellumWidgetExample.release.xcconfig */,
			);
			name = Pods;
			sourceTree = "<group>";
		};
/* End PBXGroup section */

/* Begin PBXNativeTarget section */
		02280D4022149F1E0053F6E8 /* CerebellumWidgetExample */ = {
			isa = PBXNativeTarget;
			buildConfigurationList = 02280D5322149F210053F6E8 /* Build configuration list for PBXNativeTarget "CerebellumWidgetExample" */;
			buildPhases = (
				A8F977C0E38A9116159DAC9D /* [CP] Check Pods Manifest.lock */,
				02280D3D22149F1E0053F6E8 /* Sources */,
				02280D3E22149F1E0053F6E8 /* Frameworks */,
				02280D3F22149F1E0053F6E8 /* Resources */,
				A9A642A9ED0EFF4E7B076D07 /* [CP] Embed Pods Frameworks */,
			);
			buildRules = (
			);
			dependencies = (
			);
			name = CerebellumWidgetExample;
			productName = CerebellumWidgetExample;
			productReference = 02280D4122149F1E0053F6E8 /* CerebellumWidgetExample.app */;
			productType = "com.apple.product-type.application";
		};
/* End PBXNativeTarget section */

/* Begin PBXProject section */
		02280D3922149F1E0053F6E8 /* Project object */ = {
			isa = PBXProject;
			attributes = {
				LastSwiftUpdateCheck = 1010;
				LastUpgradeCheck = 1010;
				ORGANIZATIONNAME = Cerebellum Network, Inc.;
				TargetAttributes = {
					02280D4022149F1E0053F6E8 = {
						CreatedOnToolsVersion = 10.1;
					};
				};
			};
			buildConfigurationList = 02280D3C22149F1E0053F6E8 /* Build configuration list for PBXProject "CerebellumWidgetExample" */;
			compatibilityVersion = "Xcode 9.3";
			developmentRegion = en;
			hasScannedForEncodings = 0;
			knownRegions = (
				en,
				Base,
			);
			mainGroup = 02280D3822149F1E0053F6E8;
			productRefGroup = 02280D4222149F1E0053F6E8 /* Products */;
			projectDirPath = "";
			projectRoot = "";
			targets = (
				02280D4022149F1E0053F6E8 /* CerebellumWidgetExample */,
			);
		};
/* End PBXProject section */

/* Begin PBXResourcesBuildPhase section */
		02280D3F22149F1E0053F6E8 /* Resources */ = {
			isa = PBXResourcesBuildPhase;
			buildActionMask = 2147483647;
			files = (
				02280D4F22149F210053F6E8 /* LaunchScreen.storyboard in Resources */,
				02280D4C22149F210053F6E8 /* Assets.xcassets in Resources */,
				02280D572214A4CC0053F6E8 /* Podfile in Resources */,
				02280D4A22149F1E0053F6E8 /* Main.storyboard in Resources */,
			);
			runOnlyForDeploymentPostprocessing = 0;
		};
/* End PBXResourcesBuildPhase section */

/* Begin PBXShellScriptBuildPhase section */
		A8F977C0E38A9116159DAC9D /* [CP] Check Pods Manifest.lock */ = {
			isa = PBXShellScriptBuildPhase;
			buildActionMask = 2147483647;
			files = (
			);
			inputFileListPaths = (
			);
			inputPaths = (
				"${PODS_PODFILE_DIR_PATH}/Podfile.lock",
				"${PODS_ROOT}/Manifest.lock",
			);
			name = "[CP] Check Pods Manifest.lock";
			outputFileListPaths = (
			);
			outputPaths = (
				"$(DERIVED_FILE_DIR)/Pods-CerebellumWidgetExample-checkManifestLockResult.txt",
			);
			runOnlyForDeploymentPostprocessing = 0;
			shellPath = /bin/sh;
			shellScript = "diff \"${PODS_PODFILE_DIR_PATH}/Podfile.lock\" \"${PODS_ROOT}/Manifest.lock\" > /dev/null\nif [ $? != 0 ] ; then\n    # print error to STDERR\n    echo \"error: The sandbox is not in sync with the Podfile.lock. Run 'pod install' or update your CocoaPods installation.\" >&2\n    exit 1\nfi\n# This output is used by Xcode 'outputs' to avoid re-running this script phase.\necho \"SUCCESS\" > \"${SCRIPT_OUTPUT_FILE_0}\"\n";
			showEnvVarsInLog = 0;
		};
		A9A642A9ED0EFF4E7B076D07 /* [CP] Embed Pods Frameworks */ = {
			isa = PBXShellScriptBuildPhase;
			buildActionMask = 2147483647;
			files = (
			);
			inputFileListPaths = (
			);
			inputPaths = (
				"${SRCROOT}/Pods/Target Support Files/Pods-CerebellumWidgetExample/Pods-CerebellumWidgetExample-frameworks.sh",
				"${BUILT_PRODUCTS_DIR}/CerebellumWidget/CerebellumWidget.framework",
				"${BUILT_PRODUCTS_DIR}/SwiftyJSON/SwiftyJSON.framework",
				"${BUILT_PRODUCTS_DIR}/WebViewJavascriptBridge/WebViewJavascriptBridge.framework",
			);
			name = "[CP] Embed Pods Frameworks";
			outputFileListPaths = (
			);
			outputPaths = (
				"${TARGET_BUILD_DIR}/${FRAMEWORKS_FOLDER_PATH}/CerebellumWidget.framework",
				"${TARGET_BUILD_DIR}/${FRAMEWORKS_FOLDER_PATH}/SwiftyJSON.framework",
				"${TARGET_BUILD_DIR}/${FRAMEWORKS_FOLDER_PATH}/WebViewJavascriptBridge.framework",
			);
			runOnlyForDeploymentPostprocessing = 0;
			shellPath = /bin/sh;
			shellScript = "\"${SRCROOT}/Pods/Target Support Files/Pods-CerebellumWidgetExample/Pods-CerebellumWidgetExample-frameworks.sh\"\n";
			showEnvVarsInLog = 0;
		};
/* End PBXShellScriptBuildPhase section */

/* Begin PBXSourcesBuildPhase section */
		02280D3D22149F1E0053F6E8 /* Sources */ = {
			isa = PBXSourcesBuildPhase;
			buildActionMask = 2147483647;
			files = (
				02280D4722149F1E0053F6E8 /* ViewController.swift in Sources */,
				02280D4522149F1E0053F6E8 /* AppDelegate.swift in Sources */,
			);
			runOnlyForDeploymentPostprocessing = 0;
		};
/* End PBXSourcesBuildPhase section */

/* Begin PBXVariantGroup section */
		02280D4822149F1E0053F6E8 /* Main.storyboard */ = {
			isa = PBXVariantGroup;
			children = (
				02280D4922149F1E0053F6E8 /* Base */,
			);
			name = Main.storyboard;
			sourceTree = "<group>";
		};
		02280D4D22149F210053F6E8 /* LaunchScreen.storyboard */ = {
			isa = PBXVariantGroup;
			children = (
				02280D4E22149F210053F6E8 /* Base */,
			);
			name = LaunchScreen.storyboard;
			sourceTree = "<group>";
		};
/* End PBXVariantGroup section */

/* Begin XCBuildConfiguration section */
		02280D5122149F210053F6E8 /* Debug */ = {
			isa = XCBuildConfiguration;
			buildSettings = {
				ALWAYS_SEARCH_USER_PATHS = NO;
				CLANG_ANALYZER_NONNULL = YES;
				CLANG_ANALYZER_NUMBER_OBJECT_CONVERSION = YES_AGGRESSIVE;
				CLANG_CXX_LANGUAGE_STANDARD = "gnu++14";
				CLANG_CXX_LIBRARY = "libc++";
				CLANG_ENABLE_MODULES = YES;
				CLANG_ENABLE_OBJC_ARC = YES;
				CLANG_ENABLE_OBJC_WEAK = YES;
				CLANG_WARN_BLOCK_CAPTURE_AUTORELEASING = YES;
				CLANG_WARN_BOOL_CONVERSION = YES;
				CLANG_WARN_COMMA = YES;
				CLANG_WARN_CONSTANT_CONVERSION = YES;
				CLANG_WARN_DEPRECATED_OBJC_IMPLEMENTATIONS = YES;
				CLANG_WARN_DIRECT_OBJC_ISA_USAGE = YES_ERROR;
				CLANG_WARN_DOCUMENTATION_COMMENTS = YES;
				CLANG_WARN_EMPTY_BODY = YES;
				CLANG_WARN_ENUM_CONVERSION = YES;
				CLANG_WARN_INFINITE_RECURSION = YES;
				CLANG_WARN_INT_CONVERSION = YES;
				CLANG_WARN_NON_LITERAL_NULL_CONVERSION = YES;
				CLANG_WARN_OBJC_IMPLICIT_RETAIN_SELF = YES;
				CLANG_WARN_OBJC_LITERAL_CONVERSION = YES;
				CLANG_WARN_OBJC_ROOT_CLASS = YES_ERROR;
				CLANG_WARN_RANGE_LOOP_ANALYSIS = YES;
				CLANG_WARN_STRICT_PROTOTYPES = YES;
				CLANG_WARN_SUSPICIOUS_MOVE = YES;
				CLANG_WARN_UNGUARDED_AVAILABILITY = YES_AGGRESSIVE;
				CLANG_WARN_UNREACHABLE_CODE = YES;
				CLANG_WARN__DUPLICATE_METHOD_MATCH = YES;
				CODE_SIGN_IDENTITY = "iPhone Developer";
				COPY_PHASE_STRIP = NO;
				DEBUG_INFORMATION_FORMAT = dwarf;
				ENABLE_STRICT_OBJC_MSGSEND = YES;
				ENABLE_TESTABILITY = YES;
				GCC_C_LANGUAGE_STANDARD = gnu11;
				GCC_DYNAMIC_NO_PIC = NO;
				GCC_NO_COMMON_BLOCKS = YES;
				GCC_OPTIMIZATION_LEVEL = 0;
				GCC_PREPROCESSOR_DEFINITIONS = (
					"DEBUG=1",
					"$(inherited)",
				);
				GCC_WARN_64_TO_32_BIT_CONVERSION = YES;
				GCC_WARN_ABOUT_RETURN_TYPE = YES_ERROR;
				GCC_WARN_UNDECLARED_SELECTOR = YES;
				GCC_WARN_UNINITIALIZED_AUTOS = YES_AGGRESSIVE;
				GCC_WARN_UNUSED_FUNCTION = YES;
				GCC_WARN_UNUSED_VARIABLE = YES;
				IPHONEOS_DEPLOYMENT_TARGET = 12.1;
				MTL_ENABLE_DEBUG_INFO = INCLUDE_SOURCE;
				MTL_FAST_MATH = YES;
				ONLY_ACTIVE_ARCH = YES;
				SDKROOT = iphoneos;
				SWIFT_ACTIVE_COMPILATION_CONDITIONS = DEBUG;
				SWIFT_OPTIMIZATION_LEVEL = "-Onone";
			};
			name = Debug;
		};
		02280D5222149F210053F6E8 /* Release */ = {
			isa = XCBuildConfiguration;
			buildSettings = {
				ALWAYS_SEARCH_USER_PATHS = NO;
				CLANG_ANALYZER_NONNULL = YES;
				CLANG_ANALYZER_NUMBER_OBJECT_CONVERSION = YES_AGGRESSIVE;
				CLANG_CXX_LANGUAGE_STANDARD = "gnu++14";
				CLANG_CXX_LIBRARY = "libc++";
				CLANG_ENABLE_MODULES = YES;
				CLANG_ENABLE_OBJC_ARC = YES;
				CLANG_ENABLE_OBJC_WEAK = YES;
				CLANG_WARN_BLOCK_CAPTURE_AUTORELEASING = YES;
				CLANG_WARN_BOOL_CONVERSION = YES;
				CLANG_WARN_COMMA = YES;
				CLANG_WARN_CONSTANT_CONVERSION = YES;
				CLANG_WARN_DEPRECATED_OBJC_IMPLEMENTATIONS = YES;
				CLANG_WARN_DIRECT_OBJC_ISA_USAGE = YES_ERROR;
				CLANG_WARN_DOCUMENTATION_COMMENTS = YES;
				CLANG_WARN_EMPTY_BODY = YES;
				CLANG_WARN_ENUM_CONVERSION = YES;
				CLANG_WARN_INFINITE_RECURSION = YES;
				CLANG_WARN_INT_CONVERSION = YES;
				CLANG_WARN_NON_LITERAL_NULL_CONVERSION = YES;
				CLANG_WARN_OBJC_IMPLICIT_RETAIN_SELF = YES;
				CLANG_WARN_OBJC_LITERAL_CONVERSION = YES;
				CLANG_WARN_OBJC_ROOT_CLASS = YES_ERROR;
				CLANG_WARN_RANGE_LOOP_ANALYSIS = YES;
				CLANG_WARN_STRICT_PROTOTYPES = YES;
				CLANG_WARN_SUSPICIOUS_MOVE = YES;
				CLANG_WARN_UNGUARDED_AVAILABILITY = YES_AGGRESSIVE;
				CLANG_WARN_UNREACHABLE_CODE = YES;
				CLANG_WARN__DUPLICATE_METHOD_MATCH = YES;
				CODE_SIGN_IDENTITY = "iPhone Developer";
				COPY_PHASE_STRIP = NO;
				DEBUG_INFORMATION_FORMAT = "dwarf-with-dsym";
				ENABLE_NS_ASSERTIONS = NO;
				ENABLE_STRICT_OBJC_MSGSEND = YES;
				GCC_C_LANGUAGE_STANDARD = gnu11;
				GCC_NO_COMMON_BLOCKS = YES;
				GCC_WARN_64_TO_32_BIT_CONVERSION = YES;
				GCC_WARN_ABOUT_RETURN_TYPE = YES_ERROR;
				GCC_WARN_UNDECLARED_SELECTOR = YES;
				GCC_WARN_UNINITIALIZED_AUTOS = YES_AGGRESSIVE;
				GCC_WARN_UNUSED_FUNCTION = YES;
				GCC_WARN_UNUSED_VARIABLE = YES;
				IPHONEOS_DEPLOYMENT_TARGET = 12.1;
				MTL_ENABLE_DEBUG_INFO = NO;
				MTL_FAST_MATH = YES;
				SDKROOT = iphoneos;
				SWIFT_COMPILATION_MODE = wholemodule;
				SWIFT_OPTIMIZATION_LEVEL = "-O";
				VALIDATE_PRODUCT = YES;
			};
			name = Release;
		};
		02280D5422149F210053F6E8 /* Debug */ = {
			isa = XCBuildConfiguration;
			baseConfigurationReference = 862876075B39A3D7458D6E5E /* Pods-CerebellumWidgetExample.debug.xcconfig */;
			buildSettings = {
				ASSETCATALOG_COMPILER_APPICON_NAME = AppIcon;
				CODE_SIGN_STYLE = Automatic;
				INFOPLIST_FILE = CerebellumWidgetExample/Info.plist;
				LD_RUNPATH_SEARCH_PATHS = (
					"$(inherited)",
					"@executable_path/Frameworks",
				);
				PRODUCT_BUNDLE_IDENTIFIER = io.cere.CerebellumWidgetExample;
				PRODUCT_NAME = "$(TARGET_NAME)";
				SWIFT_VERSION = 4.2;
				TARGETED_DEVICE_FAMILY = "1,2";
			};
			name = Debug;
		};
		02280D5522149F210053F6E8 /* Release */ = {
			isa = XCBuildConfiguration;
			baseConfigurationReference = 72C7AF5FED987FDE007E5529 /* Pods-CerebellumWidgetExample.release.xcconfig */;
			buildSettings = {
				ASSETCATALOG_COMPILER_APPICON_NAME = AppIcon;
				CODE_SIGN_STYLE = Automatic;
				INFOPLIST_FILE = CerebellumWidgetExample/Info.plist;
				LD_RUNPATH_SEARCH_PATHS = (
					"$(inherited)",
					"@executable_path/Frameworks",
				);
				PRODUCT_BUNDLE_IDENTIFIER = io.cere.CerebellumWidgetExample;
				PRODUCT_NAME = "$(TARGET_NAME)";
				SWIFT_VERSION = 4.2;
				TARGETED_DEVICE_FAMILY = "1,2";
			};
			name = Release;
		};
/* End XCBuildConfiguration section */

/* Begin XCConfigurationList section */
		02280D3C22149F1E0053F6E8 /* Build configuration list for PBXProject "CerebellumWidgetExample" */ = {
			isa = XCConfigurationList;
			buildConfigurations = (
				02280D5122149F210053F6E8 /* Debug */,
				02280D5222149F210053F6E8 /* Release */,
			);
			defaultConfigurationIsVisible = 0;
			defaultConfigurationName = Release;
		};
		02280D5322149F210053F6E8 /* Build configuration list for PBXNativeTarget "CerebellumWidgetExample" */ = {
			isa = XCConfigurationList;
			buildConfigurations = (
				02280D5422149F210053F6E8 /* Debug */,
				02280D5522149F210053F6E8 /* Release */,
			);
			defaultConfigurationIsVisible = 0;
			defaultConfigurationName = Release;
		};
/* End XCConfigurationList section */
	};
	rootObject = 02280D3922149F1E0053F6E8 /* Project object */;
}
