PODS:
  - CerebellumWidget (1.1.5):
    - SwiftyJSON
    - WebViewJavascriptBridge (~> 6.0)
  - SwiftyJSON (4.2.0)
  - WebViewJavascriptBridge (6.0.3)

DEPENDENCIES:
  - CerebellumWidget (from `./../`)

SPEC REPOS:
  https://github.com/cocoapods/specs.git:
    - SwiftyJSON
    - WebViewJavascriptBridge

EXTERNAL SOURCES:
  CerebellumWidget:
    :path: "./../"

SPEC CHECKSUMS:
  CerebellumWidget: 821c9c786ba0feef3695cf826f0e4b487a768b5e
  SwiftyJSON: c4bcba26dd9ec7a027fc8eade48e2c911f229e96
  WebViewJavascriptBridge: 7f5bc4d3581e672e8f32bd0f812d54bc69bb8e29

PODFILE CHECKSUM: e61a2ee259fcdd973298025fcfb8920f5a824416

COCOAPODS: 1.5.3
